
Microsoft Visual Studio Solution File, Format Version 12.00
# Visual Studio Version 17
VisualStudioVersion = 17.12.35707.178 d17.12
MinimumVisualStudioVersion = 10.0.40219.1
Project("{FAE04EC0-301F-11D3-BF4B-00C04F79EFBC}") = "Server", "Server\Server.csproj", "{1EC45644-B1A4-484F-9EF4-7C19D0F145AD}"
EndProject
Project("{FAE04EC0-301F-11D3-BF4B-00C04F79EFBC}") = "ServerCore", "ServerCore\ServerCore.csproj", "{21DEFE69-3194-47BB-8ED2-4CF8E66EAA12}"
EndProject
Project("{FAE04EC0-301F-11D3-BF4B-00C04F79EFBC}") = "DummyClient", "DummyClient\DummyClient.csproj", "{64DDF8DF-A719-4E48-A528-55D58C1F0678}"
EndProject
Global
	GlobalSection(SolutionConfigurationPlatforms) = preSolution
		Debug|Any CPU = Debug|Any CPU
		Release|Any CPU = Release|Any CPU
	EndGlobalSection
	GlobalSection(ProjectConfigurationPlatforms) = postSolution
		{1EC45644-B1A4-484F-9EF4-7C19D0F145AD}.Debug|Any CPU.ActiveCfg = Debug|Any CPU
		{1EC45644-B1A4-484F-9EF4-7C19D0F145AD}.Debug|Any CPU.Build.0 = Debug|Any CPU
		{1EC45644-B1A4-484F-9EF4-7C19D0F145AD}.Release|Any CPU.ActiveCfg = Release|Any CPU
		{1EC45644-B1A4-484F-9EF4-7C19D0F145AD}.Release|Any CPU.Build.0 = Release|Any CPU
		{21DEFE69-3194-47BB-8ED2-4CF8E66EAA12}.Debug|Any CPU.ActiveCfg = Debug|Any CPU
		{21DEFE69-3194-47BB-8ED2-4CF8E66EAA12}.Debug|Any CPU.Build.0 = Debug|Any CPU
		{21DEFE69-3194-47BB-8ED2-4CF8E66EAA12}.Release|Any CPU.ActiveCfg = Release|Any CPU
		{21DEFE69-3194-47BB-8ED2-4CF8E66EAA12}.Release|Any CPU.Build.0 = Release|Any CPU
		{64DDF8DF-A719-4E48-A528-55D58C1F0678}.Debug|Any CPU.ActiveCfg = Debug|Any CPU
		{64DDF8DF-A719-4E48-A528-55D58C1F0678}.Debug|Any CPU.Build.0 = Debug|Any CPU
		{64DDF8DF-A719-4E48-A528-55D58C1F0678}.Release|Any CPU.ActiveCfg = Release|Any CPU
		{64DDF8DF-A719-4E48-A528-55D58C1F0678}.Release|Any CPU.Build.0 = Release|Any CPU
	EndGlobalSection
	GlobalSection(SolutionProperties) = preSolution
		HideSolutionNode = FALSE
	EndGlobalSection
EndGlobal
